
Microsoft Visual Studio Solution File, Format Version 12.00
# Visual Studio 15
VisualStudioVersion = 15.0.27703.2018
MinimumVisualStudioVersion = 10.0.40219.1
Project("{FAE04EC0-301F-11D3-BF4B-00C04F79EFBC}") = "TextAnalyse", "TextAnalyse\TextAnalyse.csproj", "{672756C2-3199-45F9-865D-DB6B6BA3BD04}"
EndProject
Project("{FAE04EC0-301F-11D3-BF4B-00C04F79EFBC}") = "Demo", "Demo\Demo.csproj", "{0523A8E9-F8B8-4FBF-B988-AD0222BE08BD}"
EndProject
Global
	GlobalSection(SolutionConfigurationPlatforms) = preSolution
		Debug|Any CPU = Debug|Any CPU
		Release|Any CPU = Release|Any CPU
	EndGlobalSection
	GlobalSection(ProjectConfigurationPlatforms) = postSolution
		{672756C2-3199-45F9-865D-DB6B6BA3BD04}.Debug|Any CPU.ActiveCfg = Debug|Any CPU
		{672756C2-3199-45F9-865D-DB6B6BA3BD04}.Debug|Any CPU.Build.0 = Debug|Any CPU
		{672756C2-3199-45F9-865D-DB6B6BA3BD04}.Release|Any CPU.ActiveCfg = Release|Any CPU
		{672756C2-3199-45F9-865D-DB6B6BA3BD04}.Release|Any CPU.Build.0 = Release|Any CPU
		{0523A8E9-F8B8-4FBF-B988-AD0222BE08BD}.Debug|Any CPU.ActiveCfg = Debug|Any CPU
		{0523A8E9-F8B8-4FBF-B988-AD0222BE08BD}.Debug|Any CPU.Build.0 = Debug|Any CPU
		{0523A8E9-F8B8-4FBF-B988-AD0222BE08BD}.Release|Any CPU.ActiveCfg = Release|Any CPU
		{0523A8E9-F8B8-4FBF-B988-AD0222BE08BD}.Release|Any CPU.Build.0 = Release|Any CPU
	EndGlobalSection
	GlobalSection(SolutionProperties) = preSolution
		HideSolutionNode = FALSE
	EndGlobalSection
	GlobalSection(ExtensibilityGlobals) = postSolution
		SolutionGuid = {FF8BF8C8-2831-4BCC-9310-89C9ED046595}
	EndGlobalSection
EndGlobal
